// !$*UTF8*$!
{
	archiveVersion = 1;
	classes = {
	};
	objectVersion = 51;
	objects = {

/* Begin PBXBuildFile section */
		329CD3E024005F67000CE8A1 /* BaseVC.swift in Sources */ = {isa = PBXBuildFile; fileRef = 329CD3DF24005F67000CE8A1 /* BaseVC.swift */; };
		329CD3E2240060FB000CE8A1 /* APIBlueprint.swift in Sources */ = {isa = PBXBuildFile; fileRef = 329CD3E1240060FB000CE8A1 /* APIBlueprint.swift */; };
		329CD3E624006201000CE8A1 /* APIEnvironment.swift in Sources */ = {isa = PBXBuildFile; fileRef = 329CD3E524006201000CE8A1 /* APIEnvironment.swift */; };
		329CD3E82400635A000CE8A1 /* APIService.swift in Sources */ = {isa = PBXBuildFile; fileRef = 329CD3E72400635A000CE8A1 /* APIService.swift */; };
		329CD3EA24006404000CE8A1 /* BaseView.swift in Sources */ = {isa = PBXBuildFile; fileRef = 329CD3E924006404000CE8A1 /* BaseView.swift */; };
		329CD3EE24006623000CE8A1 /* UIViewController+Extension.swift in Sources */ = {isa = PBXBuildFile; fileRef = 329CD3ED24006623000CE8A1 /* UIViewController+Extension.swift */; };
		329CD3F1240066C7000CE8A1 /* MoviesVC.swift in Sources */ = {isa = PBXBuildFile; fileRef = 329CD3EF240066C7000CE8A1 /* MoviesVC.swift */; };
		329CD3F2240066C7000CE8A1 /* MoviesVC.xib in Resources */ = {isa = PBXBuildFile; fileRef = 329CD3F0240066C7000CE8A1 /* MoviesVC.xib */; };
		329CD3F524006785000CE8A1 /* FavoritesVC.swift in Sources */ = {isa = PBXBuildFile; fileRef = 329CD3F324006785000CE8A1 /* FavoritesVC.swift */; };
		329CD3F624006785000CE8A1 /* FavoritesVC.xib in Resources */ = {isa = PBXBuildFile; fileRef = 329CD3F424006785000CE8A1 /* FavoritesVC.xib */; };
		329CD3F924006795000CE8A1 /* MovieDetailVC.swift in Sources */ = {isa = PBXBuildFile; fileRef = 329CD3F724006795000CE8A1 /* MovieDetailVC.swift */; };
		329CD3FA24006796000CE8A1 /* MovieDetailVC.xib in Resources */ = {isa = PBXBuildFile; fileRef = 329CD3F824006795000CE8A1 /* MovieDetailVC.xib */; };
		329CD3FE24006A97000CE8A1 /* MovieCell.swift in Sources */ = {isa = PBXBuildFile; fileRef = 329CD3FC24006A97000CE8A1 /* MovieCell.swift */; };
		329CD3FF24006A97000CE8A1 /* MovieCell.xib in Resources */ = {isa = PBXBuildFile; fileRef = 329CD3FD24006A97000CE8A1 /* MovieCell.xib */; };
		329CD40124006AEE000CE8A1 /* UIView+Extension.swift in Sources */ = {isa = PBXBuildFile; fileRef = 329CD40024006AEE000CE8A1 /* UIView+Extension.swift */; };
		329CD40324006CD2000CE8A1 /* UIImageView+Extension.swift in Sources */ = {isa = PBXBuildFile; fileRef = 329CD40224006CD2000CE8A1 /* UIImageView+Extension.swift */; };
		329CD405240073C5000CE8A1 /* ShadowView.swift in Sources */ = {isa = PBXBuildFile; fileRef = 329CD404240073C5000CE8A1 /* ShadowView.swift */; };
		329CD40724007A49000CE8A1 /* MoviesView.swift in Sources */ = {isa = PBXBuildFile; fileRef = 329CD40624007A49000CE8A1 /* MoviesView.swift */; };
		32D8ECAF240058CA001271C1 /* AppDelegate.swift in Sources */ = {isa = PBXBuildFile; fileRef = 32D8ECAE240058CA001271C1 /* AppDelegate.swift */; };
		32D8ECB8240058CC001271C1 /* Assets.xcassets in Resources */ = {isa = PBXBuildFile; fileRef = 32D8ECB7240058CC001271C1 /* Assets.xcassets */; };
		32D8ECBB240058CC001271C1 /* LaunchScreen.storyboard in Resources */ = {isa = PBXBuildFile; fileRef = 32D8ECB9240058CC001271C1 /* LaunchScreen.storyboard */; };
		32DAB91E24014ABB00748A74 /* MovieDetailCell.swift in Sources */ = {isa = PBXBuildFile; fileRef = 32DAB91C24014ABB00748A74 /* MovieDetailCell.swift */; };
		32DAB91F24014ABB00748A74 /* MovieDetailCell.xib in Resources */ = {isa = PBXBuildFile; fileRef = 32DAB91D24014ABB00748A74 /* MovieDetailCell.xib */; };
		32DAB9232401509500748A74 /* MoviesResponse.swift in Sources */ = {isa = PBXBuildFile; fileRef = 32DAB9222401509500748A74 /* MoviesResponse.swift */; };
		32DAB9252401518100748A74 /* MoviesOutput.swift in Sources */ = {isa = PBXBuildFile; fileRef = 32DAB9242401518100748A74 /* MoviesOutput.swift */; };
		32DAB928240151F100748A74 /* GetPopularMoviesAPI.swift in Sources */ = {isa = PBXBuildFile; fileRef = 32DAB927240151F100748A74 /* GetPopularMoviesAPI.swift */; };
		32DAB92A2401525200748A74 /* GetTopRatedMoviesAPI.swift in Sources */ = {isa = PBXBuildFile; fileRef = 32DAB9292401525200748A74 /* GetTopRatedMoviesAPI.swift */; };
		32DAB92C2401526C00748A74 /* GetNowPlayingMoviesAPI.swift in Sources */ = {isa = PBXBuildFile; fileRef = 32DAB92B2401526C00748A74 /* GetNowPlayingMoviesAPI.swift */; };
		32DAB92E240152C700748A74 /* GetUpcomingMoviesAPI.swift in Sources */ = {isa = PBXBuildFile; fileRef = 32DAB92D240152C700748A74 /* GetUpcomingMoviesAPI.swift */; };
		32DAB930240152ED00748A74 /* MovieRepository.swift in Sources */ = {isa = PBXBuildFile; fileRef = 32DAB92F240152ED00748A74 /* MovieRepository.swift */; };
		32DAB9322401530400748A74 /* MovieCategory.swift in Sources */ = {isa = PBXBuildFile; fileRef = 32DAB9312401530400748A74 /* MovieCategory.swift */; };
		32DAB9342401543D00748A74 /* Encodable+Extension.swift in Sources */ = {isa = PBXBuildFile; fileRef = 32DAB9332401543D00748A74 /* Encodable+Extension.swift */; };
		32DAB93C2401583100748A74 /* TMDB_KitabisaTests.swift in Sources */ = {isa = PBXBuildFile; fileRef = 32DAB93B2401583100748A74 /* TMDB_KitabisaTests.swift */; };
		32DAB945240165D300748A74 /* MoviesPresenter.swift in Sources */ = {isa = PBXBuildFile; fileRef = 32DAB944240165D300748A74 /* MoviesPresenter.swift */; };
		32DAB947240165DE00748A74 /* MoviesPresentation.swift in Sources */ = {isa = PBXBuildFile; fileRef = 32DAB946240165DE00748A74 /* MoviesPresentation.swift */; };
		32DAB94924016AF600748A74 /* HttpMethod.swift in Sources */ = {isa = PBXBuildFile; fileRef = 32DAB94824016AF600748A74 /* HttpMethod.swift */; };
		8F5520FB356C5D5017B3B165 /* Pods_TMDB_KitabisaTest.framework in Frameworks */ = {isa = PBXBuildFile; fileRef = C0D3E0A70D9CD3B92882DACC /* Pods_TMDB_KitabisaTest.framework */; };
/* End PBXBuildFile section */

/* Begin PBXContainerItemProxy section */
		32DAB93E2401583100748A74 /* PBXContainerItemProxy */ = {
			isa = PBXContainerItemProxy;
			containerPortal = 32D8ECA3240058CA001271C1 /* Project object */;
			proxyType = 1;
			remoteGlobalIDString = 32D8ECAA240058CA001271C1;
			remoteInfo = "TMDB-KitabisaTest";
		};
/* End PBXContainerItemProxy section */

/* Begin PBXFileReference section */
		25DA99FFB48A9AB6625CEDB3 /* Pods-TMDB-KitabisaTest.release.xcconfig */ = {isa = PBXFileReference; includeInIndex = 1; lastKnownFileType = text.xcconfig; name = "Pods-TMDB-KitabisaTest.release.xcconfig"; path = "Target Support Files/Pods-TMDB-KitabisaTest/Pods-TMDB-KitabisaTest.release.xcconfig"; sourceTree = "<group>"; };
		329CD3DF24005F67000CE8A1 /* BaseVC.swift */ = {isa = PBXFileReference; lastKnownFileType = sourcecode.swift; path = BaseVC.swift; sourceTree = "<group>"; };
		329CD3E1240060FB000CE8A1 /* APIBlueprint.swift */ = {isa = PBXFileReference; lastKnownFileType = sourcecode.swift; path = APIBlueprint.swift; sourceTree = "<group>"; };
		329CD3E524006201000CE8A1 /* APIEnvironment.swift */ = {isa = PBXFileReference; lastKnownFileType = sourcecode.swift; path = APIEnvironment.swift; sourceTree = "<group>"; };
		329CD3E72400635A000CE8A1 /* APIService.swift */ = {isa = PBXFileReference; lastKnownFileType = sourcecode.swift; path = APIService.swift; sourceTree = "<group>"; };
		329CD3E924006404000CE8A1 /* BaseView.swift */ = {isa = PBXFileReference; lastKnownFileType = sourcecode.swift; path = BaseView.swift; sourceTree = "<group>"; };
		329CD3ED24006623000CE8A1 /* UIViewController+Extension.swift */ = {isa = PBXFileReference; lastKnownFileType = sourcecode.swift; path = "UIViewController+Extension.swift"; sourceTree = "<group>"; };
		329CD3EF240066C7000CE8A1 /* MoviesVC.swift */ = {isa = PBXFileReference; lastKnownFileType = sourcecode.swift; path = MoviesVC.swift; sourceTree = "<group>"; };
		329CD3F0240066C7000CE8A1 /* MoviesVC.xib */ = {isa = PBXFileReference; lastKnownFileType = file.xib; path = MoviesVC.xib; sourceTree = "<group>"; };
		329CD3F324006785000CE8A1 /* FavoritesVC.swift */ = {isa = PBXFileReference; lastKnownFileType = sourcecode.swift; path = FavoritesVC.swift; sourceTree = "<group>"; };
		329CD3F424006785000CE8A1 /* FavoritesVC.xib */ = {isa = PBXFileReference; lastKnownFileType = file.xib; path = FavoritesVC.xib; sourceTree = "<group>"; };
		329CD3F724006795000CE8A1 /* MovieDetailVC.swift */ = {isa = PBXFileReference; lastKnownFileType = sourcecode.swift; path = MovieDetailVC.swift; sourceTree = "<group>"; };
		329CD3F824006795000CE8A1 /* MovieDetailVC.xib */ = {isa = PBXFileReference; lastKnownFileType = file.xib; path = MovieDetailVC.xib; sourceTree = "<group>"; };
		329CD3FC24006A97000CE8A1 /* MovieCell.swift */ = {isa = PBXFileReference; lastKnownFileType = sourcecode.swift; path = MovieCell.swift; sourceTree = "<group>"; };
		329CD3FD24006A97000CE8A1 /* MovieCell.xib */ = {isa = PBXFileReference; lastKnownFileType = file.xib; path = MovieCell.xib; sourceTree = "<group>"; };
		329CD40024006AEE000CE8A1 /* UIView+Extension.swift */ = {isa = PBXFileReference; lastKnownFileType = sourcecode.swift; path = "UIView+Extension.swift"; sourceTree = "<group>"; };
		329CD40224006CD2000CE8A1 /* UIImageView+Extension.swift */ = {isa = PBXFileReference; lastKnownFileType = sourcecode.swift; path = "UIImageView+Extension.swift"; sourceTree = "<group>"; };
		329CD404240073C5000CE8A1 /* ShadowView.swift */ = {isa = PBXFileReference; lastKnownFileType = sourcecode.swift; path = ShadowView.swift; sourceTree = "<group>"; };
		329CD40624007A49000CE8A1 /* MoviesView.swift */ = {isa = PBXFileReference; lastKnownFileType = sourcecode.swift; path = MoviesView.swift; sourceTree = "<group>"; };
		32D8ECAB240058CA001271C1 /* TMDB Kitabisa.app */ = {isa = PBXFileReference; explicitFileType = wrapper.application; includeInIndex = 0; path = "TMDB Kitabisa.app"; sourceTree = BUILT_PRODUCTS_DIR; };
		32D8ECAE240058CA001271C1 /* AppDelegate.swift */ = {isa = PBXFileReference; lastKnownFileType = sourcecode.swift; path = AppDelegate.swift; sourceTree = "<group>"; };
		32D8ECB7240058CC001271C1 /* Assets.xcassets */ = {isa = PBXFileReference; lastKnownFileType = folder.assetcatalog; path = Assets.xcassets; sourceTree = "<group>"; };
		32D8ECBA240058CC001271C1 /* Base */ = {isa = PBXFileReference; lastKnownFileType = file.storyboard; name = Base; path = Base.lproj/LaunchScreen.storyboard; sourceTree = "<group>"; };
		32D8ECBC240058CC001271C1 /* Info.plist */ = {isa = PBXFileReference; lastKnownFileType = text.plist.xml; path = Info.plist; sourceTree = "<group>"; };
		32DAB91C24014ABB00748A74 /* MovieDetailCell.swift */ = {isa = PBXFileReference; lastKnownFileType = sourcecode.swift; path = MovieDetailCell.swift; sourceTree = "<group>"; };
		32DAB91D24014ABB00748A74 /* MovieDetailCell.xib */ = {isa = PBXFileReference; lastKnownFileType = file.xib; path = MovieDetailCell.xib; sourceTree = "<group>"; };
		32DAB9222401509500748A74 /* MoviesResponse.swift */ = {isa = PBXFileReference; lastKnownFileType = sourcecode.swift; path = MoviesResponse.swift; sourceTree = "<group>"; };
		32DAB9242401518100748A74 /* MoviesOutput.swift */ = {isa = PBXFileReference; lastKnownFileType = sourcecode.swift; path = MoviesOutput.swift; sourceTree = "<group>"; };
		32DAB927240151F100748A74 /* GetPopularMoviesAPI.swift */ = {isa = PBXFileReference; lastKnownFileType = sourcecode.swift; path = GetPopularMoviesAPI.swift; sourceTree = "<group>"; };
		32DAB9292401525200748A74 /* GetTopRatedMoviesAPI.swift */ = {isa = PBXFileReference; lastKnownFileType = sourcecode.swift; path = GetTopRatedMoviesAPI.swift; sourceTree = "<group>"; };
		32DAB92B2401526C00748A74 /* GetNowPlayingMoviesAPI.swift */ = {isa = PBXFileReference; lastKnownFileType = sourcecode.swift; path = GetNowPlayingMoviesAPI.swift; sourceTree = "<group>"; };
		32DAB92D240152C700748A74 /* GetUpcomingMoviesAPI.swift */ = {isa = PBXFileReference; lastKnownFileType = sourcecode.swift; path = GetUpcomingMoviesAPI.swift; sourceTree = "<group>"; };
		32DAB92F240152ED00748A74 /* MovieRepository.swift */ = {isa = PBXFileReference; lastKnownFileType = sourcecode.swift; path = MovieRepository.swift; sourceTree = "<group>"; };
		32DAB9312401530400748A74 /* MovieCategory.swift */ = {isa = PBXFileReference; lastKnownFileType = sourcecode.swift; path = MovieCategory.swift; sourceTree = "<group>"; };
		32DAB9332401543D00748A74 /* Encodable+Extension.swift */ = {isa = PBXFileReference; lastKnownFileType = sourcecode.swift; path = "Encodable+Extension.swift"; sourceTree = "<group>"; };
		32DAB9392401583100748A74 /* TMDB KitabisaTests.xctest */ = {isa = PBXFileReference; explicitFileType = wrapper.cfbundle; includeInIndex = 0; path = "TMDB KitabisaTests.xctest"; sourceTree = BUILT_PRODUCTS_DIR; };
		32DAB93B2401583100748A74 /* TMDB_KitabisaTests.swift */ = {isa = PBXFileReference; lastKnownFileType = sourcecode.swift; path = TMDB_KitabisaTests.swift; sourceTree = "<group>"; };
		32DAB93D2401583100748A74 /* Info.plist */ = {isa = PBXFileReference; lastKnownFileType = text.plist.xml; path = Info.plist; sourceTree = "<group>"; };
		32DAB944240165D300748A74 /* MoviesPresenter.swift */ = {isa = PBXFileReference; lastKnownFileType = sourcecode.swift; path = MoviesPresenter.swift; sourceTree = "<group>"; };
		32DAB946240165DE00748A74 /* MoviesPresentation.swift */ = {isa = PBXFileReference; lastKnownFileType = sourcecode.swift; path = MoviesPresentation.swift; sourceTree = "<group>"; };
		32DAB94824016AF600748A74 /* HttpMethod.swift */ = {isa = PBXFileReference; lastKnownFileType = sourcecode.swift; path = HttpMethod.swift; sourceTree = "<group>"; };
		6F45EA7F7A1A6B8DCCC1E945 /* Pods-TMDB-KitabisaTest.debug.xcconfig */ = {isa = PBXFileReference; includeInIndex = 1; lastKnownFileType = text.xcconfig; name = "Pods-TMDB-KitabisaTest.debug.xcconfig"; path = "Target Support Files/Pods-TMDB-KitabisaTest/Pods-TMDB-KitabisaTest.debug.xcconfig"; sourceTree = "<group>"; };
		C0D3E0A70D9CD3B92882DACC /* Pods_TMDB_KitabisaTest.framework */ = {isa = PBXFileReference; explicitFileType = wrapper.framework; includeInIndex = 0; path = Pods_TMDB_KitabisaTest.framework; sourceTree = BUILT_PRODUCTS_DIR; };
/* End PBXFileReference section */

/* Begin PBXFrameworksBuildPhase section */
		32D8ECA8240058CA001271C1 /* Frameworks */ = {
			isa = PBXFrameworksBuildPhase;
			buildActionMask = 2147483647;
			files = (
				8F5520FB356C5D5017B3B165 /* Pods_TMDB_KitabisaTest.framework in Frameworks */,
			);
			runOnlyForDeploymentPostprocessing = 0;
		};
		32DAB9362401583100748A74 /* Frameworks */ = {
			isa = PBXFrameworksBuildPhase;
			buildActionMask = 2147483647;
			files = (
			);
			runOnlyForDeploymentPostprocessing = 0;
		};
/* End PBXFrameworksBuildPhase section */

/* Begin PBXGroup section */
		132F41D3F4DB2A55318B4539 /* Frameworks */ = {
			isa = PBXGroup;
			children = (
				C0D3E0A70D9CD3B92882DACC /* Pods_TMDB_KitabisaTest.framework */,
			);
			name = Frameworks;
			sourceTree = "<group>";
		};
		329CD3D824005997000CE8A1 /* Movie Module */ = {
			isa = PBXGroup;
			children = (
				32DAB9212401507F00748A74 /* Model */,
				32DAB926240151DE00748A74 /* Use Case */,
				32DAB943240165A400748A74 /* Presenter */,
				32DAB9202401507B00748A74 /* View */,
			);
			path = "Movie Module";
			sourceTree = "<group>";
		};
		329CD3D9240059A2000CE8A1 /* Movies */ = {
			isa = PBXGroup;
			children = (
				329CD3FB24006A7E000CE8A1 /* Cell */,
				329CD3EF240066C7000CE8A1 /* MoviesVC.swift */,
				329CD3F0240066C7000CE8A1 /* MoviesVC.xib */,
				329CD40624007A49000CE8A1 /* MoviesView.swift */,
			);
			path = Movies;
			sourceTree = "<group>";
		};
		329CD3DA240059AA000CE8A1 /* Movie Detail */ = {
			isa = PBXGroup;
			children = (
				32DAB91B24014AAA00748A74 /* Cell */,
				329CD3F724006795000CE8A1 /* MovieDetailVC.swift */,
				329CD3F824006795000CE8A1 /* MovieDetailVC.xib */,
			);
			path = "Movie Detail";
			sourceTree = "<group>";
		};
		329CD3DB240059B3000CE8A1 /* Favorite Movies */ = {
			isa = PBXGroup;
			children = (
				329CD3F324006785000CE8A1 /* FavoritesVC.swift */,
				329CD3F424006785000CE8A1 /* FavoritesVC.xib */,
			);
			path = "Favorite Movies";
			sourceTree = "<group>";
		};
		329CD3DC24005A64000CE8A1 /* Base */ = {
			isa = PBXGroup;
			children = (
				329CD3DF24005F67000CE8A1 /* BaseVC.swift */,
				329CD3E924006404000CE8A1 /* BaseView.swift */,
			);
			path = Base;
			sourceTree = "<group>";
		};
		329CD3DD24005A68000CE8A1 /* Component */ = {
			isa = PBXGroup;
			children = (
				329CD3EC24006613000CE8A1 /* Extension */,
				329CD3EB2400660E000CE8A1 /* Helper */,
				329CD3DE24005A7C000CE8A1 /* Network */,
			);
			path = Component;
			sourceTree = "<group>";
		};
		329CD3DE24005A7C000CE8A1 /* Network */ = {
			isa = PBXGroup;
			children = (
				329CD3E1240060FB000CE8A1 /* APIBlueprint.swift */,
				329CD3E524006201000CE8A1 /* APIEnvironment.swift */,
				329CD3E72400635A000CE8A1 /* APIService.swift */,
				32DAB94824016AF600748A74 /* HttpMethod.swift */,
			);
			path = Network;
			sourceTree = "<group>";
		};
		329CD3EB2400660E000CE8A1 /* Helper */ = {
			isa = PBXGroup;
			children = (
				329CD404240073C5000CE8A1 /* ShadowView.swift */,
			);
			path = Helper;
			sourceTree = "<group>";
		};
		329CD3EC24006613000CE8A1 /* Extension */ = {
			isa = PBXGroup;
			children = (
				329CD3ED24006623000CE8A1 /* UIViewController+Extension.swift */,
				329CD40024006AEE000CE8A1 /* UIView+Extension.swift */,
				329CD40224006CD2000CE8A1 /* UIImageView+Extension.swift */,
				32DAB9332401543D00748A74 /* Encodable+Extension.swift */,
			);
			path = Extension;
			sourceTree = "<group>";
		};
		329CD3FB24006A7E000CE8A1 /* Cell */ = {
			isa = PBXGroup;
			children = (
				329CD3FC24006A97000CE8A1 /* MovieCell.swift */,
				329CD3FD24006A97000CE8A1 /* MovieCell.xib */,
			);
			path = Cell;
			sourceTree = "<group>";
		};
		32D8ECA2240058CA001271C1 = {
			isa = PBXGroup;
			children = (
				32D8ECAD240058CA001271C1 /* TMDB-KitabisaTest */,
				32DAB93A2401583100748A74 /* TMDB KitabisaTests */,
				32D8ECAC240058CA001271C1 /* Products */,
				81AA8397C52AA808A6A18C26 /* Pods */,
				132F41D3F4DB2A55318B4539 /* Frameworks */,
			);
			sourceTree = "<group>";
		};
		32D8ECAC240058CA001271C1 /* Products */ = {
			isa = PBXGroup;
			children = (
				32D8ECAB240058CA001271C1 /* TMDB Kitabisa.app */,
				32DAB9392401583100748A74 /* TMDB KitabisaTests.xctest */,
			);
			name = Products;
			sourceTree = "<group>";
		};
		32D8ECAD240058CA001271C1 /* TMDB-KitabisaTest */ = {
			isa = PBXGroup;
			children = (
				32D8ECAE240058CA001271C1 /* AppDelegate.swift */,
				329CD3DD24005A68000CE8A1 /* Component */,
				329CD3DC24005A64000CE8A1 /* Base */,
				329CD3D824005997000CE8A1 /* Movie Module */,
				32D8ECC324005943001271C1 /* Asset */,
				32D8ECC224005939001271C1 /* Supporting Files */,
			);
			path = "TMDB-KitabisaTest";
			sourceTree = "<group>";
		};
		32D8ECC224005939001271C1 /* Supporting Files */ = {
			isa = PBXGroup;
			children = (
				32D8ECB9240058CC001271C1 /* LaunchScreen.storyboard */,
				32D8ECBC240058CC001271C1 /* Info.plist */,
			);
			path = "Supporting Files";
			sourceTree = "<group>";
		};
		32D8ECC324005943001271C1 /* Asset */ = {
			isa = PBXGroup;
			children = (
				32D8ECB7240058CC001271C1 /* Assets.xcassets */,
			);
			path = Asset;
			sourceTree = "<group>";
		};
		32DAB91B24014AAA00748A74 /* Cell */ = {
			isa = PBXGroup;
			children = (
				32DAB91C24014ABB00748A74 /* MovieDetailCell.swift */,
				32DAB91D24014ABB00748A74 /* MovieDetailCell.xib */,
			);
			path = Cell;
			sourceTree = "<group>";
		};
		32DAB9202401507B00748A74 /* View */ = {
			isa = PBXGroup;
			children = (
				329CD3D9240059A2000CE8A1 /* Movies */,
				329CD3DB240059B3000CE8A1 /* Favorite Movies */,
				329CD3DA240059AA000CE8A1 /* Movie Detail */,
			);
			path = View;
			sourceTree = "<group>";
		};
		32DAB9212401507F00748A74 /* Model */ = {
			isa = PBXGroup;
			children = (
				32DAB9222401509500748A74 /* MoviesResponse.swift */,
				32DAB9242401518100748A74 /* MoviesOutput.swift */,
				32DAB9312401530400748A74 /* MovieCategory.swift */,
			);
			path = Model;
			sourceTree = "<group>";
		};
		32DAB926240151DE00748A74 /* Use Case */ = {
			isa = PBXGroup;
			children = (
				32DAB92F240152ED00748A74 /* MovieRepository.swift */,
				32DAB927240151F100748A74 /* GetPopularMoviesAPI.swift */,
				32DAB9292401525200748A74 /* GetTopRatedMoviesAPI.swift */,
				32DAB92B2401526C00748A74 /* GetNowPlayingMoviesAPI.swift */,
				32DAB92D240152C700748A74 /* GetUpcomingMoviesAPI.swift */,
			);
			path = "Use Case";
			sourceTree = "<group>";
		};
		32DAB93A2401583100748A74 /* TMDB KitabisaTests */ = {
			isa = PBXGroup;
			children = (
				32DAB93B2401583100748A74 /* TMDB_KitabisaTests.swift */,
				32DAB93D2401583100748A74 /* Info.plist */,
			);
			path = "TMDB KitabisaTests";
			sourceTree = "<group>";
		};
		32DAB943240165A400748A74 /* Presenter */ = {
			isa = PBXGroup;
			children = (
				32DAB944240165D300748A74 /* MoviesPresenter.swift */,
				32DAB946240165DE00748A74 /* MoviesPresentation.swift */,
			);
			path = Presenter;
			sourceTree = "<group>";
		};
		81AA8397C52AA808A6A18C26 /* Pods */ = {
			isa = PBXGroup;
			children = (
				6F45EA7F7A1A6B8DCCC1E945 /* Pods-TMDB-KitabisaTest.debug.xcconfig */,
				25DA99FFB48A9AB6625CEDB3 /* Pods-TMDB-KitabisaTest.release.xcconfig */,
			);
			path = Pods;
			sourceTree = "<group>";
		};
/* End PBXGroup section */

/* Begin PBXNativeTarget section */
		32D8ECAA240058CA001271C1 /* TMDB-KitabisaTest */ = {
			isa = PBXNativeTarget;
			buildConfigurationList = 32D8ECBF240058CC001271C1 /* Build configuration list for PBXNativeTarget "TMDB-KitabisaTest" */;
			buildPhases = (
				A0B5FADA87976E62D49313BE /* [CP] Check Pods Manifest.lock */,
				32D8ECA7240058CA001271C1 /* Sources */,
				32D8ECA8240058CA001271C1 /* Frameworks */,
				32D8ECA9240058CA001271C1 /* Resources */,
				953CC8EAD86F5BE21C2D88B0 /* [CP] Embed Pods Frameworks */,
			);
			buildRules = (
			);
			dependencies = (
			);
			name = "TMDB-KitabisaTest";
			productName = "TMDB-KitabisaTest";
			productReference = 32D8ECAB240058CA001271C1 /* TMDB Kitabisa.app */;
			productType = "com.apple.product-type.application";
		};
		32DAB9382401583100748A74 /* TMDB KitabisaTests */ = {
			isa = PBXNativeTarget;
			buildConfigurationList = 32DAB9402401583100748A74 /* Build configuration list for PBXNativeTarget "TMDB KitabisaTests" */;
			buildPhases = (
				32DAB9352401583100748A74 /* Sources */,
				32DAB9362401583100748A74 /* Frameworks */,
				32DAB9372401583100748A74 /* Resources */,
			);
			buildRules = (
			);
			dependencies = (
				32DAB93F2401583100748A74 /* PBXTargetDependency */,
			);
			name = "TMDB KitabisaTests";
			productName = "TMDB KitabisaTests";
			productReference = 32DAB9392401583100748A74 /* TMDB KitabisaTests.xctest */;
			productType = "com.apple.product-type.bundle.unit-test";
		};
/* End PBXNativeTarget section */

/* Begin PBXProject section */
		32D8ECA3240058CA001271C1 /* Project object */ = {
			isa = PBXProject;
			attributes = {
				LastSwiftUpdateCheck = 1130;
				LastUpgradeCheck = 1130;
				ORGANIZATIONNAME = "Azmi Muhammad";
				TargetAttributes = {
					32D8ECAA240058CA001271C1 = {
						CreatedOnToolsVersion = 11.3.1;
					};
					32DAB9382401583100748A74 = {
						CreatedOnToolsVersion = 11.3.1;
						TestTargetID = 32D8ECAA240058CA001271C1;
					};
				};
			};
			buildConfigurationList = 32D8ECA6240058CA001271C1 /* Build configuration list for PBXProject "TMDB-KitabisaTest" */;
			compatibilityVersion = "Xcode 9.3";
			developmentRegion = en;
			hasScannedForEncodings = 0;
			knownRegions = (
				en,
				Base,
			);
			mainGroup = 32D8ECA2240058CA001271C1;
			productRefGroup = 32D8ECAC240058CA001271C1 /* Products */;
			projectDirPath = "";
			projectRoot = "";
			targets = (
				32D8ECAA240058CA001271C1 /* TMDB-KitabisaTest */,
				32DAB9382401583100748A74 /* TMDB KitabisaTests */,
			);
		};
/* End PBXProject section */

/* Begin PBXResourcesBuildPhase section */
		32D8ECA9240058CA001271C1 /* Resources */ = {
			isa = PBXResourcesBuildPhase;
			buildActionMask = 2147483647;
			files = (
				329CD3FF24006A97000CE8A1 /* MovieCell.xib in Resources */,
				329CD3FA24006796000CE8A1 /* MovieDetailVC.xib in Resources */,
				32DAB91F24014ABB00748A74 /* MovieDetailCell.xib in Resources */,
				329CD3F624006785000CE8A1 /* FavoritesVC.xib in Resources */,
				32D8ECBB240058CC001271C1 /* LaunchScreen.storyboard in Resources */,
				329CD3F2240066C7000CE8A1 /* MoviesVC.xib in Resources */,
				32D8ECB8240058CC001271C1 /* Assets.xcassets in Resources */,
			);
			runOnlyForDeploymentPostprocessing = 0;
		};
		32DAB9372401583100748A74 /* Resources */ = {
			isa = PBXResourcesBuildPhase;
			buildActionMask = 2147483647;
			files = (
			);
			runOnlyForDeploymentPostprocessing = 0;
		};
/* End PBXResourcesBuildPhase section */

/* Begin PBXShellScriptBuildPhase section */
		953CC8EAD86F5BE21C2D88B0 /* [CP] Embed Pods Frameworks */ = {
			isa = PBXShellScriptBuildPhase;
			buildActionMask = 2147483647;
			files = (
			);
			inputFileListPaths = (
				"${PODS_ROOT}/Target Support Files/Pods-TMDB-KitabisaTest/Pods-TMDB-KitabisaTest-frameworks-${CONFIGURATION}-input-files.xcfilelist",
			);
			name = "[CP] Embed Pods Frameworks";
			outputFileListPaths = (
				"${PODS_ROOT}/Target Support Files/Pods-TMDB-KitabisaTest/Pods-TMDB-KitabisaTest-frameworks-${CONFIGURATION}-output-files.xcfilelist",
			);
			runOnlyForDeploymentPostprocessing = 0;
			shellPath = /bin/sh;
			shellScript = "\"${PODS_ROOT}/Target Support Files/Pods-TMDB-KitabisaTest/Pods-TMDB-KitabisaTest-frameworks.sh\"\n";
			showEnvVarsInLog = 0;
		};
		A0B5FADA87976E62D49313BE /* [CP] Check Pods Manifest.lock */ = {
			isa = PBXShellScriptBuildPhase;
			buildActionMask = 2147483647;
			files = (
			);
			inputFileListPaths = (
			);
			inputPaths = (
				"${PODS_PODFILE_DIR_PATH}/Podfile.lock",
				"${PODS_ROOT}/Manifest.lock",
			);
			name = "[CP] Check Pods Manifest.lock";
			outputFileListPaths = (
			);
			outputPaths = (
				"$(DERIVED_FILE_DIR)/Pods-TMDB-KitabisaTest-checkManifestLockResult.txt",
			);
			runOnlyForDeploymentPostprocessing = 0;
			shellPath = /bin/sh;
			shellScript = "diff \"${PODS_PODFILE_DIR_PATH}/Podfile.lock\" \"${PODS_ROOT}/Manifest.lock\" > /dev/null\nif [ $? != 0 ] ; then\n    # print error to STDERR\n    echo \"error: The sandbox is not in sync with the Podfile.lock. Run 'pod install' or update your CocoaPods installation.\" >&2\n    exit 1\nfi\n# This output is used by Xcode 'outputs' to avoid re-running this script phase.\necho \"SUCCESS\" > \"${SCRIPT_OUTPUT_FILE_0}\"\n";
			showEnvVarsInLog = 0;
		};
/* End PBXShellScriptBuildPhase section */

/* Begin PBXSourcesBuildPhase section */
		32D8ECA7240058CA001271C1 /* Sources */ = {
			isa = PBXSourcesBuildPhase;
			buildActionMask = 2147483647;
			files = (
				32DAB9232401509500748A74 /* MoviesResponse.swift in Sources */,
				329CD3F524006785000CE8A1 /* FavoritesVC.swift in Sources */,
				329CD40124006AEE000CE8A1 /* UIView+Extension.swift in Sources */,
				32DAB91E24014ABB00748A74 /* MovieDetailCell.swift in Sources */,
				32DAB928240151F100748A74 /* GetPopularMoviesAPI.swift in Sources */,
				329CD40324006CD2000CE8A1 /* UIImageView+Extension.swift in Sources */,
				329CD3EE24006623000CE8A1 /* UIViewController+Extension.swift in Sources */,
				32DAB9322401530400748A74 /* MovieCategory.swift in Sources */,
				329CD3FE24006A97000CE8A1 /* MovieCell.swift in Sources */,
				32DAB930240152ED00748A74 /* MovieRepository.swift in Sources */,
				329CD3E624006201000CE8A1 /* APIEnvironment.swift in Sources */,
				32DAB92A2401525200748A74 /* GetTopRatedMoviesAPI.swift in Sources */,
				329CD3F1240066C7000CE8A1 /* MoviesVC.swift in Sources */,
				32DAB92C2401526C00748A74 /* GetNowPlayingMoviesAPI.swift in Sources */,
				329CD3F924006795000CE8A1 /* MovieDetailVC.swift in Sources */,
				32DAB92E240152C700748A74 /* GetUpcomingMoviesAPI.swift in Sources */,
				329CD40724007A49000CE8A1 /* MoviesView.swift in Sources */,
				329CD405240073C5000CE8A1 /* ShadowView.swift in Sources */,
				329CD3E2240060FB000CE8A1 /* APIBlueprint.swift in Sources */,
				32DAB945240165D300748A74 /* MoviesPresenter.swift in Sources */,
				32DAB9342401543D00748A74 /* Encodable+Extension.swift in Sources */,
				32DAB947240165DE00748A74 /* MoviesPresentation.swift in Sources */,
				32D8ECAF240058CA001271C1 /* AppDelegate.swift in Sources */,
				329CD3EA24006404000CE8A1 /* BaseView.swift in Sources */,
				32DAB94924016AF600748A74 /* HttpMethod.swift in Sources */,
				329CD3E82400635A000CE8A1 /* APIService.swift in Sources */,
				32DAB9252401518100748A74 /* MoviesOutput.swift in Sources */,
				329CD3E024005F67000CE8A1 /* BaseVC.swift in Sources */,
			);
			runOnlyForDeploymentPostprocessing = 0;
		};
		32DAB9352401583100748A74 /* Sources */ = {
			isa = PBXSourcesBuildPhase;
			buildActionMask = 2147483647;
			files = (
				32DAB93C2401583100748A74 /* TMDB_KitabisaTests.swift in Sources */,
			);
			runOnlyForDeploymentPostprocessing = 0;
		};
/* End PBXSourcesBuildPhase section */

/* Begin PBXTargetDependency section */
		32DAB93F2401583100748A74 /* PBXTargetDependency */ = {
			isa = PBXTargetDependency;
			target = 32D8ECAA240058CA001271C1 /* TMDB-KitabisaTest */;
			targetProxy = 32DAB93E2401583100748A74 /* PBXContainerItemProxy */;
		};
/* End PBXTargetDependency section */

/* Begin PBXVariantGroup section */
		32D8ECB9240058CC001271C1 /* LaunchScreen.storyboard */ = {
			isa = PBXVariantGroup;
			children = (
				32D8ECBA240058CC001271C1 /* Base */,
			);
			name = LaunchScreen.storyboard;
			sourceTree = "<group>";
		};
/* End PBXVariantGroup section */

/* Begin XCBuildConfiguration section */
		32D8ECBD240058CC001271C1 /* Debug */ = {
			isa = XCBuildConfiguration;
			buildSettings = {
				ALWAYS_SEARCH_USER_PATHS = NO;
				CLANG_ANALYZER_NONNULL = YES;
				CLANG_ANALYZER_NUMBER_OBJECT_CONVERSION = YES_AGGRESSIVE;
				CLANG_CXX_LANGUAGE_STANDARD = "gnu++14";
				CLANG_CXX_LIBRARY = "libc++";
				CLANG_ENABLE_MODULES = YES;
				CLANG_ENABLE_OBJC_ARC = YES;
				CLANG_ENABLE_OBJC_WEAK = YES;
				CLANG_WARN_BLOCK_CAPTURE_AUTORELEASING = YES;
				CLANG_WARN_BOOL_CONVERSION = YES;
				CLANG_WARN_COMMA = YES;
				CLANG_WARN_CONSTANT_CONVERSION = YES;
				CLANG_WARN_DEPRECATED_OBJC_IMPLEMENTATIONS = YES;
				CLANG_WARN_DIRECT_OBJC_ISA_USAGE = YES_ERROR;
				CLANG_WARN_DOCUMENTATION_COMMENTS = YES;
				CLANG_WARN_EMPTY_BODY = YES;
				CLANG_WARN_ENUM_CONVERSION = YES;
				CLANG_WARN_INFINITE_RECURSION = YES;
				CLANG_WARN_INT_CONVERSION = YES;
				CLANG_WARN_NON_LITERAL_NULL_CONVERSION = YES;
				CLANG_WARN_OBJC_IMPLICIT_RETAIN_SELF = YES;
				CLANG_WARN_OBJC_LITERAL_CONVERSION = YES;
				CLANG_WARN_OBJC_ROOT_CLASS = YES_ERROR;
				CLANG_WARN_RANGE_LOOP_ANALYSIS = YES;
				CLANG_WARN_STRICT_PROTOTYPES = YES;
				CLANG_WARN_SUSPICIOUS_MOVE = YES;
				CLANG_WARN_UNGUARDED_AVAILABILITY = YES_AGGRESSIVE;
				CLANG_WARN_UNREACHABLE_CODE = YES;
				CLANG_WARN__DUPLICATE_METHOD_MATCH = YES;
				COPY_PHASE_STRIP = NO;
				DEBUG_INFORMATION_FORMAT = dwarf;
				ENABLE_STRICT_OBJC_MSGSEND = YES;
				ENABLE_TESTABILITY = YES;
				GCC_C_LANGUAGE_STANDARD = gnu11;
				GCC_DYNAMIC_NO_PIC = NO;
				GCC_NO_COMMON_BLOCKS = YES;
				GCC_OPTIMIZATION_LEVEL = 0;
				GCC_PREPROCESSOR_DEFINITIONS = (
					"DEBUG=1",
					"$(inherited)",
				);
				GCC_WARN_64_TO_32_BIT_CONVERSION = YES;
				GCC_WARN_ABOUT_RETURN_TYPE = YES_ERROR;
				GCC_WARN_UNDECLARED_SELECTOR = YES;
				GCC_WARN_UNINITIALIZED_AUTOS = YES_AGGRESSIVE;
				GCC_WARN_UNUSED_FUNCTION = YES;
				GCC_WARN_UNUSED_VARIABLE = YES;
				IPHONEOS_DEPLOYMENT_TARGET = 13.2;
				MTL_ENABLE_DEBUG_INFO = INCLUDE_SOURCE;
				MTL_FAST_MATH = YES;
				ONLY_ACTIVE_ARCH = YES;
				SDKROOT = iphoneos;
				SWIFT_ACTIVE_COMPILATION_CONDITIONS = DEBUG;
				SWIFT_OPTIMIZATION_LEVEL = "-Onone";
			};
			name = Debug;
		};
		32D8ECBE240058CC001271C1 /* Release */ = {
			isa = XCBuildConfiguration;
			buildSettings = {
				ALWAYS_SEARCH_USER_PATHS = NO;
				CLANG_ANALYZER_NONNULL = YES;
				CLANG_ANALYZER_NUMBER_OBJECT_CONVERSION = YES_AGGRESSIVE;
				CLANG_CXX_LANGUAGE_STANDARD = "gnu++14";
				CLANG_CXX_LIBRARY = "libc++";
				CLANG_ENABLE_MODULES = YES;
				CLANG_ENABLE_OBJC_ARC = YES;
				CLANG_ENABLE_OBJC_WEAK = YES;
				CLANG_WARN_BLOCK_CAPTURE_AUTORELEASING = YES;
				CLANG_WARN_BOOL_CONVERSION = YES;
				CLANG_WARN_COMMA = YES;
				CLANG_WARN_CONSTANT_CONVERSION = YES;
				CLANG_WARN_DEPRECATED_OBJC_IMPLEMENTATIONS = YES;
				CLANG_WARN_DIRECT_OBJC_ISA_USAGE = YES_ERROR;
				CLANG_WARN_DOCUMENTATION_COMMENTS = YES;
				CLANG_WARN_EMPTY_BODY = YES;
				CLANG_WARN_ENUM_CONVERSION = YES;
				CLANG_WARN_INFINITE_RECURSION = YES;
				CLANG_WARN_INT_CONVERSION = YES;
				CLANG_WARN_NON_LITERAL_NULL_CONVERSION = YES;
				CLANG_WARN_OBJC_IMPLICIT_RETAIN_SELF = YES;
				CLANG_WARN_OBJC_LITERAL_CONVERSION = YES;
				CLANG_WARN_OBJC_ROOT_CLASS = YES_ERROR;
				CLANG_WARN_RANGE_LOOP_ANALYSIS = YES;
				CLANG_WARN_STRICT_PROTOTYPES = YES;
				CLANG_WARN_SUSPICIOUS_MOVE = YES;
				CLANG_WARN_UNGUARDED_AVAILABILITY = YES_AGGRESSIVE;
				CLANG_WARN_UNREACHABLE_CODE = YES;
				CLANG_WARN__DUPLICATE_METHOD_MATCH = YES;
				COPY_PHASE_STRIP = NO;
				DEBUG_INFORMATION_FORMAT = "dwarf-with-dsym";
				ENABLE_NS_ASSERTIONS = NO;
				ENABLE_STRICT_OBJC_MSGSEND = YES;
				GCC_C_LANGUAGE_STANDARD = gnu11;
				GCC_NO_COMMON_BLOCKS = YES;
				GCC_WARN_64_TO_32_BIT_CONVERSION = YES;
				GCC_WARN_ABOUT_RETURN_TYPE = YES_ERROR;
				GCC_WARN_UNDECLARED_SELECTOR = YES;
				GCC_WARN_UNINITIALIZED_AUTOS = YES_AGGRESSIVE;
				GCC_WARN_UNUSED_FUNCTION = YES;
				GCC_WARN_UNUSED_VARIABLE = YES;
				IPHONEOS_DEPLOYMENT_TARGET = 13.2;
				MTL_ENABLE_DEBUG_INFO = NO;
				MTL_FAST_MATH = YES;
				SDKROOT = iphoneos;
				SWIFT_COMPILATION_MODE = wholemodule;
				SWIFT_OPTIMIZATION_LEVEL = "-O";
				VALIDATE_PRODUCT = YES;
			};
			name = Release;
		};
		32D8ECC0240058CC001271C1 /* Debug */ = {
			isa = XCBuildConfiguration;
			baseConfigurationReference = 6F45EA7F7A1A6B8DCCC1E945 /* Pods-TMDB-KitabisaTest.debug.xcconfig */;
			buildSettings = {
				ASSETCATALOG_COMPILER_APPICON_NAME = AppIcon;
				CODE_SIGN_STYLE = Automatic;
				CURRENT_PROJECT_VERSION = 1;
				DEVELOPMENT_TEAM = "";
				INFOPLIST_FILE = "$(SRCROOT)/TMDB-KitabisaTest/Supporting Files/Info.plist";
				LD_RUNPATH_SEARCH_PATHS = (
					"$(inherited)",
					"@executable_path/Frameworks",
				);
				PRODUCT_BUNDLE_IDENTIFIER = "com.azmimuhammad.TMDB-KitabisaTest";
				PRODUCT_NAME = "TMDB Kitabisa";
				SWIFT_VERSION = 5.0;
				TARGETED_DEVICE_FAMILY = "1,2";
			};
			name = Debug;
		};
		32D8ECC1240058CC001271C1 /* Release */ = {
			isa = XCBuildConfiguration;
			baseConfigurationReference = 25DA99FFB48A9AB6625CEDB3 /* Pods-TMDB-KitabisaTest.release.xcconfig */;
			buildSettings = {
				ASSETCATALOG_COMPILER_APPICON_NAME = AppIcon;
				CODE_SIGN_STYLE = Automatic;
				CURRENT_PROJECT_VERSION = 1;
				DEVELOPMENT_TEAM = "";
				INFOPLIST_FILE = "$(SRCROOT)/TMDB-KitabisaTest/Supporting Files/Info.plist";
				LD_RUNPATH_SEARCH_PATHS = (
					"$(inherited)",
					"@executable_path/Frameworks",
				);
				PRODUCT_BUNDLE_IDENTIFIER = "com.azmimuhammad.TMDB-KitabisaTest";
				PRODUCT_NAME = "TMDB Kitabisa";
				SWIFT_VERSION = 5.0;
				TARGETED_DEVICE_FAMILY = "1,2";
			};
			name = Release;
		};
		32DAB9412401583100748A74 /* Debug */ = {
			isa = XCBuildConfiguration;
			buildSettings = {
				BUNDLE_LOADER = "$(TEST_HOST)";
				CODE_SIGN_STYLE = Automatic;
				DEVELOPMENT_TEAM = 5WQDSU6N24;
				INFOPLIST_FILE = "TMDB KitabisaTests/Info.plist";
				LD_RUNPATH_SEARCH_PATHS = (
					"$(inherited)",
					"@executable_path/Frameworks",
					"@loader_path/Frameworks",
				);
				PRODUCT_BUNDLE_IDENTIFIER = "com.azmimuhammad.TMDB-KitabisaTests";
				PRODUCT_NAME = "$(TARGET_NAME)";
				SWIFT_VERSION = 5.0;
				TARGETED_DEVICE_FAMILY = "1,2";
				TEST_HOST = "$(BUILT_PRODUCTS_DIR)/TMDB Kitabisa.app/TMDB Kitabisa";
			};
			name = Debug;
		};
		32DAB9422401583100748A74 /* Release */ = {
			isa = XCBuildConfiguration;
			buildSettings = {
				BUNDLE_LOADER = "$(TEST_HOST)";
				CODE_SIGN_STYLE = Automatic;
				DEVELOPMENT_TEAM = 5WQDSU6N24;
				INFOPLIST_FILE = "TMDB KitabisaTests/Info.plist";
				LD_RUNPATH_SEARCH_PATHS = (
					"$(inherited)",
					"@executable_path/Frameworks",
					"@loader_path/Frameworks",
				);
				PRODUCT_BUNDLE_IDENTIFIER = "com.azmimuhammad.TMDB-KitabisaTests";
				PRODUCT_NAME = "$(TARGET_NAME)";
				SWIFT_VERSION = 5.0;
				TARGETED_DEVICE_FAMILY = "1,2";
				TEST_HOST = "$(BUILT_PRODUCTS_DIR)/TMDB Kitabisa.app/TMDB Kitabisa";
			};
			name = Release;
		};
/* End XCBuildConfiguration section */

/* Begin XCConfigurationList section */
		32D8ECA6240058CA001271C1 /* Build configuration list for PBXProject "TMDB-KitabisaTest" */ = {
			isa = XCConfigurationList;
			buildConfigurations = (
				32D8ECBD240058CC001271C1 /* Debug */,
				32D8ECBE240058CC001271C1 /* Release */,
			);
			defaultConfigurationIsVisible = 0;
			defaultConfigurationName = Release;
		};
		32D8ECBF240058CC001271C1 /* Build configuration list for PBXNativeTarget "TMDB-KitabisaTest" */ = {
			isa = XCConfigurationList;
			buildConfigurations = (
				32D8ECC0240058CC001271C1 /* Debug */,
				32D8ECC1240058CC001271C1 /* Release */,
			);
			defaultConfigurationIsVisible = 0;
			defaultConfigurationName = Release;
		};
		32DAB9402401583100748A74 /* Build configuration list for PBXNativeTarget "TMDB KitabisaTests" */ = {
			isa = XCConfigurationList;
			buildConfigurations = (
				32DAB9412401583100748A74 /* Debug */,
				32DAB9422401583100748A74 /* Release */,
			);
			defaultConfigurationIsVisible = 0;
			defaultConfigurationName = Release;
		};
/* End XCConfigurationList section */
	};
	rootObject = 32D8ECA3240058CA001271C1 /* Project object */;
}
